
Microsoft Visual Studio Solution File, Format Version 12.00
# Visual Studio Version 16
VisualStudioVersion = 16.0.31205.134
MinimumVisualStudioVersion = 10.0.40219.1
Project("{FAE04EC0-301F-11D3-BF4B-00C04F79EFBC}") = "TEMELPROGRAMLAMA_1", "TEMELPROGRAMLAMA_1\TEMELPROGRAMLAMA_1.csproj", "{D0F83A91-EA9A-4852-823C-2C2950216CB0}"
EndProject
Global
	GlobalSection(SolutionConfigurationPlatforms) = preSolution
		Debug|Any CPU = Debug|Any CPU
		Release|Any CPU = Release|Any CPU
	EndGlobalSection
	GlobalSection(ProjectConfigurationPlatforms) = postSolution
		{D0F83A91-EA9A-4852-823C-2C2950216CB0}.Debug|Any CPU.ActiveCfg = Debug|Any CPU
		{D0F83A91-EA9A-4852-823C-2C2950216CB0}.Debug|Any CPU.Build.0 = Debug|Any CPU
		{D0F83A91-EA9A-4852-823C-2C2950216CB0}.Release|Any CPU.ActiveCfg = Release|Any CPU
		{D0F83A91-EA9A-4852-823C-2C2950216CB0}.Release|Any CPU.Build.0 = Release|Any CPU
	EndGlobalSection
	GlobalSection(SolutionProperties) = preSolution
		HideSolutionNode = FALSE
	EndGlobalSection
	GlobalSection(ExtensibilityGlobals) = postSolution
		SolutionGuid = {5797AA92-3A86-484F-831F-20F9A03F21BD}
	EndGlobalSection
EndGlobal
