
Microsoft Visual Studio Solution File, Format Version 12.00
# Visual Studio Version 16
VisualStudioVersion = 16.0.31205.134
MinimumVisualStudioVersion = 10.0.40219.1
Project("{FAE04EC0-301F-11D3-BF4B-00C04F79EFBC}") = "IFELSE_UYGULAMASİ_2", "IFELSE_UYGULAMASİ_2\IFELSE_UYGULAMASİ_2.csproj", "{2FA6E1CD-6587-4EAD-A1AE-86699D90B2FF}"
EndProject
Global
	GlobalSection(SolutionConfigurationPlatforms) = preSolution
		Debug|Any CPU = Debug|Any CPU
		Release|Any CPU = Release|Any CPU
	EndGlobalSection
	GlobalSection(ProjectConfigurationPlatforms) = postSolution
		{2FA6E1CD-6587-4EAD-A1AE-86699D90B2FF}.Debug|Any CPU.ActiveCfg = Debug|Any CPU
		{2FA6E1CD-6587-4EAD-A1AE-86699D90B2FF}.Debug|Any CPU.Build.0 = Debug|Any CPU
		{2FA6E1CD-6587-4EAD-A1AE-86699D90B2FF}.Release|Any CPU.ActiveCfg = Release|Any CPU
		{2FA6E1CD-6587-4EAD-A1AE-86699D90B2FF}.Release|Any CPU.Build.0 = Release|Any CPU
	EndGlobalSection
	GlobalSection(SolutionProperties) = preSolution
		HideSolutionNode = FALSE
	EndGlobalSection
	GlobalSection(ExtensibilityGlobals) = postSolution
		SolutionGuid = {492066D8-55A6-4EA7-9963-F0EFDD158CB9}
	EndGlobalSection
EndGlobal
