
Microsoft Visual Studio Solution File, Format Version 12.00
# Visual Studio Version 16
VisualStudioVersion = 16.0.31229.75
MinimumVisualStudioVersion = 10.0.40219.1
Project("{FAE04EC0-301F-11D3-BF4B-00C04F79EFBC}") = "Tek_Çift_Dizi_Terimleri", "Tek_Çift_Dizi_Terimleri\Tek_Çift_Dizi_Terimleri.csproj", "{236E9178-79D8-4C10-BB64-82358CD6B2BE}"
EndProject
Global
	GlobalSection(SolutionConfigurationPlatforms) = preSolution
		Debug|Any CPU = Debug|Any CPU
		Release|Any CPU = Release|Any CPU
	EndGlobalSection
	GlobalSection(ProjectConfigurationPlatforms) = postSolution
		{236E9178-79D8-4C10-BB64-82358CD6B2BE}.Debug|Any CPU.ActiveCfg = Debug|Any CPU
		{236E9178-79D8-4C10-BB64-82358CD6B2BE}.Debug|Any CPU.Build.0 = Debug|Any CPU
		{236E9178-79D8-4C10-BB64-82358CD6B2BE}.Release|Any CPU.ActiveCfg = Release|Any CPU
		{236E9178-79D8-4C10-BB64-82358CD6B2BE}.Release|Any CPU.Build.0 = Release|Any CPU
	EndGlobalSection
	GlobalSection(SolutionProperties) = preSolution
		HideSolutionNode = FALSE
	EndGlobalSection
	GlobalSection(ExtensibilityGlobals) = postSolution
		SolutionGuid = {3C7C9186-C65E-4738-9A35-7DAC1C16B0C3}
	EndGlobalSection
EndGlobal
