
Microsoft Visual Studio Solution File, Format Version 12.00
# Visual Studio Version 16
VisualStudioVersion = 16.0.31229.75
MinimumVisualStudioVersion = 10.0.40219.1
Project("{FAE04EC0-301F-11D3-BF4B-00C04F79EFBC}") = "FAKTORİYEL_HESABI", "FAKTORİYEL_HESABI\FAKTORİYEL_HESABI.csproj", "{42927EFA-24E1-4553-BB5B-5DD5F4E96623}"
EndProject
Global
	GlobalSection(SolutionConfigurationPlatforms) = preSolution
		Debug|Any CPU = Debug|Any CPU
		Release|Any CPU = Release|Any CPU
	EndGlobalSection
	GlobalSection(ProjectConfigurationPlatforms) = postSolution
		{42927EFA-24E1-4553-BB5B-5DD5F4E96623}.Debug|Any CPU.ActiveCfg = Debug|Any CPU
		{42927EFA-24E1-4553-BB5B-5DD5F4E96623}.Debug|Any CPU.Build.0 = Debug|Any CPU
		{42927EFA-24E1-4553-BB5B-5DD5F4E96623}.Release|Any CPU.ActiveCfg = Release|Any CPU
		{42927EFA-24E1-4553-BB5B-5DD5F4E96623}.Release|Any CPU.Build.0 = Release|Any CPU
	EndGlobalSection
	GlobalSection(SolutionProperties) = preSolution
		HideSolutionNode = FALSE
	EndGlobalSection
	GlobalSection(ExtensibilityGlobals) = postSolution
		SolutionGuid = {02A21746-A7FF-461F-A38E-03A0D9CE5D6F}
	EndGlobalSection
EndGlobal
