
Microsoft Visual Studio Solution File, Format Version 12.00
# Visual Studio Version 16
VisualStudioVersion = 16.0.31229.75
MinimumVisualStudioVersion = 10.0.40219.1
Project("{FAE04EC0-301F-11D3-BF4B-00C04F79EFBC}") = "STRİNGLER_DESEN_UYGULAMASİ_1", "STRİNGLER_DESEN_UYGULAMASİ_1\STRİNGLER_DESEN_UYGULAMASİ_1.csproj", "{7CD32D29-462C-41C9-BD7A-E096207030D2}"
EndProject
Global
	GlobalSection(SolutionConfigurationPlatforms) = preSolution
		Debug|Any CPU = Debug|Any CPU
		Release|Any CPU = Release|Any CPU
	EndGlobalSection
	GlobalSection(ProjectConfigurationPlatforms) = postSolution
		{7CD32D29-462C-41C9-BD7A-E096207030D2}.Debug|Any CPU.ActiveCfg = Debug|Any CPU
		{7CD32D29-462C-41C9-BD7A-E096207030D2}.Debug|Any CPU.Build.0 = Debug|Any CPU
		{7CD32D29-462C-41C9-BD7A-E096207030D2}.Release|Any CPU.ActiveCfg = Release|Any CPU
		{7CD32D29-462C-41C9-BD7A-E096207030D2}.Release|Any CPU.Build.0 = Release|Any CPU
	EndGlobalSection
	GlobalSection(SolutionProperties) = preSolution
		HideSolutionNode = FALSE
	EndGlobalSection
	GlobalSection(ExtensibilityGlobals) = postSolution
		SolutionGuid = {46952545-F4CD-4CD4-8AED-A3A8529FF1A2}
	EndGlobalSection
EndGlobal
